
Microsoft Visual Studio Solution File, Format Version 12.00
# Visual Studio 15
VisualStudioVersion = 15.0.28307.438
MinimumVisualStudioVersion = 10.0.40219.1
Project("{9A19103F-16F7-4668-BE54-9A1E7A4F7556}") = "Halorealm", "Halorealm.csproj", "{A0207D27-6B54-4169-9F42-0586F6911C7D}"
EndProject
Global
	GlobalSection(SolutionConfigurationPlatforms) = preSolution
		Debug|Any CPU = Debug|Any CPU
		Release|Any CPU = Release|Any CPU
	EndGlobalSection
	GlobalSection(ProjectConfigurationPlatforms) = postSolution
		{A0207D27-6B54-4169-9F42-0586F6911C7D}.Debug|Any CPU.ActiveCfg = Debug|Any CPU
		{A0207D27-6B54-4169-9F42-0586F6911C7D}.Debug|Any CPU.Build.0 = Debug|Any CPU
		{A0207D27-6B54-4169-9F42-0586F6911C7D}.Release|Any CPU.ActiveCfg = Release|Any CPU
		{A0207D27-6B54-4169-9F42-0586F6911C7D}.Release|Any CPU.Build.0 = Release|Any CPU
	EndGlobalSection
	GlobalSection(SolutionProperties) = preSolution
		HideSolutionNode = FALSE
	EndGlobalSection
	GlobalSection(ExtensibilityGlobals) = postSolution
		SolutionGuid = {A9FB24F8-B558-4F39-962D-EA973AAE8916}
	EndGlobalSection
EndGlobal
